// !$*UTF8*$!
{
	archiveVersion = 1;
	classes = {
	};
	objectVersion = 51;
	objects = {

/* Begin PBXBuildFile section */
		3A448A11244F423200ED5BF8 /* DateCovertHelper.swift in Sources */ = {isa = PBXBuildFile; fileRef = 3A4489F1244F423200ED5BF8 /* DateCovertHelper.swift */; };
		3A448A12244F423200ED5BF8 /* UIColor+Extension.swift in Sources */ = {isa = PBXBuildFile; fileRef = 3A4489F2244F423200ED5BF8 /* UIColor+Extension.swift */; };
		3A448A13244F423200ED5BF8 /* SoundPlayer.swift in Sources */ = {isa = PBXBuildFile; fileRef = 3A4489F3244F423200ED5BF8 /* SoundPlayer.swift */; };
		3A448A15244F423200ED5BF8 /* VectorOperation.swift in Sources */ = {isa = PBXBuildFile; fileRef = 3A4489F5244F423200ED5BF8 /* VectorOperation.swift */; };
		3A448A16244F423200ED5BF8 /* UIImage+Extension.swift in Sources */ = {isa = PBXBuildFile; fileRef = 3A4489F6244F423200ED5BF8 /* UIImage+Extension.swift */; };
		3A448A17244F423200ED5BF8 /* Double+Extension.swift in Sources */ = {isa = PBXBuildFile; fileRef = 3A4489F7244F423200ED5BF8 /* Double+Extension.swift */; };
		3A448A18244F423200ED5BF8 /* GetController+Extension.swift in Sources */ = {isa = PBXBuildFile; fileRef = 3A4489F8244F423200ED5BF8 /* GetController+Extension.swift */; };
		3A448A19244F423200ED5BF8 /* UIView+Extension.swift in Sources */ = {isa = PBXBuildFile; fileRef = 3A4489F9244F423200ED5BF8 /* UIView+Extension.swift */; };
		3A448A1B244F423200ED5BF8 /* GlobalReleaseConfig.swift in Sources */ = {isa = PBXBuildFile; fileRef = 3A4489FB244F423200ED5BF8 /* GlobalReleaseConfig.swift */; };
		3A448A1C244F423200ED5BF8 /* String+Extension.swift in Sources */ = {isa = PBXBuildFile; fileRef = 3A4489FC244F423200ED5BF8 /* String+Extension.swift */; };
		3A448A1D244F423200ED5BF8 /* GlobalConfig.swift in Sources */ = {isa = PBXBuildFile; fileRef = 3A4489FD244F423200ED5BF8 /* GlobalConfig.swift */; };
		3A448A1E244F423200ED5BF8 /* CheckAuthorization.swift in Sources */ = {isa = PBXBuildFile; fileRef = 3A4489FE244F423200ED5BF8 /* CheckAuthorization.swift */; };
		3A448A1F244F423200ED5BF8 /* ClockTimerConver.swift in Sources */ = {isa = PBXBuildFile; fileRef = 3A4489FF244F423200ED5BF8 /* ClockTimerConver.swift */; };
		3A448A20244F423200ED5BF8 /* TrainingStepUserDefaults.swift in Sources */ = {isa = PBXBuildFile; fileRef = 3A448A01244F423200ED5BF8 /* TrainingStepUserDefaults.swift */; };
		3A448A21244F423200ED5BF8 /* TrainingConfigUserDefaults.swift in Sources */ = {isa = PBXBuildFile; fileRef = 3A448A02244F423200ED5BF8 /* TrainingConfigUserDefaults.swift */; };
		3A448A22244F423200ED5BF8 /* GlobalUserDefaults.swift in Sources */ = {isa = PBXBuildFile; fileRef = 3A448A03244F423200ED5BF8 /* GlobalUserDefaults.swift */; };
		3A448A23244F423200ED5BF8 /* UIImageViewIBInspectable.swift in Sources */ = {isa = PBXBuildFile; fileRef = 3A448A04244F423200ED5BF8 /* UIImageViewIBInspectable.swift */; };
		3A448A24244F423200ED5BF8 /* QiKeychainItem.m in Sources */ = {isa = PBXBuildFile; fileRef = 3A448A06244F423200ED5BF8 /* QiKeychainItem.m */; };
		3A448A26244F423200ED5BF8 /* RotationViewVertices.swift in Sources */ = {isa = PBXBuildFile; fileRef = 3A448A0A244F423200ED5BF8 /* RotationViewVertices.swift */; };
		3A448A27244F423200ED5BF8 /* PlistTrainingStepModel.swift in Sources */ = {isa = PBXBuildFile; fileRef = 3A448A0C244F423200ED5BF8 /* PlistTrainingStepModel.swift */; };
		3A448A28244F423200ED5BF8 /* PlistMemoryCodeModel.swift in Sources */ = {isa = PBXBuildFile; fileRef = 3A448A0D244F423200ED5BF8 /* PlistMemoryCodeModel.swift */; };
		3A448A29244F423200ED5BF8 /* PlistMemoryTipsModel.swift in Sources */ = {isa = PBXBuildFile; fileRef = 3A448A0E244F423200ED5BF8 /* PlistMemoryTipsModel.swift */; };
		3A448A2A244F423200ED5BF8 /* UIView+Dashed.swift in Sources */ = {isa = PBXBuildFile; fileRef = 3A448A0F244F423200ED5BF8 /* UIView+Dashed.swift */; };
		402D6A78A2FC3323CC56A589 /* Pods_TreasureChestSwiftDemoTests.framework in Frameworks */ = {isa = PBXBuildFile; fileRef = 931817AD8ECCB91E506D045D /* Pods_TreasureChestSwiftDemoTests.framework */; };
		B20598A3244D7538007DA4DE /* Step100DetailView.swift in Sources */ = {isa = PBXBuildFile; fileRef = B2059892244D7538007DA4DE /* Step100DetailView.swift */; };
		B20598A4244D7538007DA4DE /* Step101DetailView.swift in Sources */ = {isa = PBXBuildFile; fileRef = B2059893244D7538007DA4DE /* Step101DetailView.swift */; };
		B20598A5244D7538007DA4DE /* StepBaseView.swift in Sources */ = {isa = PBXBuildFile; fileRef = B2059894244D7538007DA4DE /* StepBaseView.swift */; };
		B20598A6244D7538007DA4DE /* StepGroup100DetailController.swift in Sources */ = {isa = PBXBuildFile; fileRef = B2059895244D7538007DA4DE /* StepGroup100DetailController.swift */; };
		B20598A7244D7538007DA4DE /* StepGroup100Controller.swift in Sources */ = {isa = PBXBuildFile; fileRef = B2059896244D7538007DA4DE /* StepGroup100Controller.swift */; };
		B20598A8244D7538007DA4DE /* TrainingStepController.swift in Sources */ = {isa = PBXBuildFile; fileRef = B2059897244D7538007DA4DE /* TrainingStepController.swift */; };
		B20598A9244D7538007DA4DE /* TrainingStepEnum.swift in Sources */ = {isa = PBXBuildFile; fileRef = B2059898244D7538007DA4DE /* TrainingStepEnum.swift */; };
		B20598AA244D7538007DA4DE /* TrainingStepCell.swift in Sources */ = {isa = PBXBuildFile; fileRef = B2059899244D7538007DA4DE /* TrainingStepCell.swift */; };
		B20598AE244D7538007DA4DE /* BaseViewController.swift in Sources */ = {isa = PBXBuildFile; fileRef = B205989F244D7538007DA4DE /* BaseViewController.swift */; };
		B20598AF244D7538007DA4DE /* BaseNaviController.swift in Sources */ = {isa = PBXBuildFile; fileRef = B20598A0244D7538007DA4DE /* BaseNaviController.swift */; };
		B20598B4244D76A1007DA4DE /* ProgressHUD.swift in Sources */ = {isa = PBXBuildFile; fileRef = B20598B2244D76A1007DA4DE /* ProgressHUD.swift */; };
		B20598B9244D8DD1007DA4DE /* Data.swift in Sources */ = {isa = PBXBuildFile; fileRef = B20598B7244D8DD1007DA4DE /* Data.swift */; };
		B20598BA244D8DD1007DA4DE /* Landmark.swift in Sources */ = {isa = PBXBuildFile; fileRef = B20598B8244D8DD1007DA4DE /* Landmark.swift */; };
		B20598C9244D8E05007DA4DE /* turtlerock.jpg in Resources */ = {isa = PBXBuildFile; fileRef = B20598BC244D8E05007DA4DE /* turtlerock.jpg */; };
		B20598CA244D8E05007DA4DE /* silversalmoncreek.jpg in Resources */ = {isa = PBXBuildFile; fileRef = B20598BD244D8E05007DA4DE /* silversalmoncreek.jpg */; };
		B20598CB244D8E05007DA4DE /* icybay.jpg in Resources */ = {isa = PBXBuildFile; fileRef = B20598BE244D8E05007DA4DE /* icybay.jpg */; };
		B20598CC244D8E05007DA4DE /* lakemcdonald.jpg in Resources */ = {isa = PBXBuildFile; fileRef = B20598BF244D8E05007DA4DE /* lakemcdonald.jpg */; };
		B20598CD244D8E05007DA4DE /* hiddenlake.jpg in Resources */ = {isa = PBXBuildFile; fileRef = B20598C0244D8E05007DA4DE /* hiddenlake.jpg */; };
		B20598CE244D8E05007DA4DE /* twinlake.jpg in Resources */ = {isa = PBXBuildFile; fileRef = B20598C1244D8E05007DA4DE /* twinlake.jpg */; };
		B20598CF244D8E05007DA4DE /* umbagog.jpg in Resources */ = {isa = PBXBuildFile; fileRef = B20598C2244D8E05007DA4DE /* umbagog.jpg */; };
		B20598D0244D8E05007DA4DE /* landmarkData.json in Resources */ = {isa = PBXBuildFile; fileRef = B20598C3244D8E05007DA4DE /* landmarkData.json */; };
		B20598D1244D8E05007DA4DE /* chincoteague.jpg in Resources */ = {isa = PBXBuildFile; fileRef = B20598C4244D8E05007DA4DE /* chincoteague.jpg */; };
		B20598D2244D8E05007DA4DE /* charleyrivers.jpg in Resources */ = {isa = PBXBuildFile; fileRef = B20598C5244D8E05007DA4DE /* charleyrivers.jpg */; };
		B20598D3244D8E05007DA4DE /* stmarylake.jpg in Resources */ = {isa = PBXBuildFile; fileRef = B20598C6244D8E05007DA4DE /* stmarylake.jpg */; };
		B20598D4244D8E05007DA4DE /* chilkoottrail.jpg in Resources */ = {isa = PBXBuildFile; fileRef = B20598C7244D8E05007DA4DE /* chilkoottrail.jpg */; };
		B20598D5244D8E05007DA4DE /* rainbowlake.jpg in Resources */ = {isa = PBXBuildFile; fileRef = B20598C8244D8E05007DA4DE /* rainbowlake.jpg */; };
		B20598D7244D947B007DA4DE /* LandmarkRow.swift in Sources */ = {isa = PBXBuildFile; fileRef = B20598D6244D947B007DA4DE /* LandmarkRow.swift */; };
		B20598D9244DA05A007DA4DE /* LandmarkList.swift in Sources */ = {isa = PBXBuildFile; fileRef = B20598D8244DA05A007DA4DE /* LandmarkList.swift */; };
		B20598DB244DB5C8007DA4DE /* UserData.swift in Sources */ = {isa = PBXBuildFile; fileRef = B20598DA244DB5C8007DA4DE /* UserData.swift */; };
		B21D279D245055FF0000C8ED /* UIViewRender.swift in Sources */ = {isa = PBXBuildFile; fileRef = B21D279C245055FF0000C8ED /* UIViewRender.swift */; };
		B2402ECB244D48E80043911A /* MapView.swift in Sources */ = {isa = PBXBuildFile; fileRef = B2402ECA244D48E80043911A /* MapView.swift */; };
		B248E3512447F42D004F00B6 /* CircleImageView.swift in Sources */ = {isa = PBXBuildFile; fileRef = B248E3502447F42D004F00B6 /* CircleImageView.swift */; };
		B26F6E2624516D25005EAC38 /* thumbsUp.json in Resources */ = {isa = PBXBuildFile; fileRef = B26F6E2524516D25005EAC38 /* thumbsUp.json */; };
		B26F6E4024519E8A005EAC38 /* score.wav in Resources */ = {isa = PBXBuildFile; fileRef = B26F6E3824519E89005EAC38 /* score.wav */; };
		B26F6E4124519E8A005EAC38 /* carrot.wav in Resources */ = {isa = PBXBuildFile; fileRef = B26F6E3924519E89005EAC38 /* carrot.wav */; };
		B26F6E4224519E8A005EAC38 /* eat2.wav in Resources */ = {isa = PBXBuildFile; fileRef = B26F6E3A24519E89005EAC38 /* eat2.wav */; };
		B26F6E4324519E8A005EAC38 /* victoryCheers.wav in Resources */ = {isa = PBXBuildFile; fileRef = B26F6E3B24519E8A005EAC38 /* victoryCheers.wav */; };
		B26F6E4424519E8A005EAC38 /* victoryMagic.mp3 in Resources */ = {isa = PBXBuildFile; fileRef = B26F6E3C24519E8A005EAC38 /* victoryMagic.mp3 */; };
		B26F6E4524519E8A005EAC38 /* PotatoChips1.wav in Resources */ = {isa = PBXBuildFile; fileRef = B26F6E3D24519E8A005EAC38 /* PotatoChips1.wav */; };
		B26F6E4624519E8A005EAC38 /* PotatoChips2.wav in Resources */ = {isa = PBXBuildFile; fileRef = B26F6E3E24519E8A005EAC38 /* PotatoChips2.wav */; };
		B26F6E4724519E8A005EAC38 /* eat1.mp3 in Resources */ = {isa = PBXBuildFile; fileRef = B26F6E3F24519E8A005EAC38 /* eat1.mp3 */; };
		B26F6E492451A0B4005EAC38 /* sound_eat.m4a in Resources */ = {isa = PBXBuildFile; fileRef = B26F6E482451A0B4005EAC38 /* sound_eat.m4a */; };
		B26F6E642451A400005EAC38 /* Step103DetailView.swift in Sources */ = {isa = PBXBuildFile; fileRef = B26F6E5D2451A400005EAC38 /* Step103DetailView.swift */; };
		B26F6E652451A400005EAC38 /* Step106DetailView.swift in Sources */ = {isa = PBXBuildFile; fileRef = B26F6E5E2451A400005EAC38 /* Step106DetailView.swift */; };
		B26F6E662451A400005EAC38 /* Step104DetailView.swift in Sources */ = {isa = PBXBuildFile; fileRef = B26F6E5F2451A400005EAC38 /* Step104DetailView.swift */; };
		B26F6E672451A400005EAC38 /* Step107DetailView.swift in Sources */ = {isa = PBXBuildFile; fileRef = B26F6E602451A400005EAC38 /* Step107DetailView.swift */; };
		B26F6E682451A400005EAC38 /* Step105DetailView.swift in Sources */ = {isa = PBXBuildFile; fileRef = B26F6E612451A400005EAC38 /* Step105DetailView.swift */; };
		B26F6E692451A400005EAC38 /* Step108DetailView.swift in Sources */ = {isa = PBXBuildFile; fileRef = B26F6E622451A400005EAC38 /* Step108DetailView.swift */; };
		B26F6E6A2451A400005EAC38 /* Step109DetailView.swift in Sources */ = {isa = PBXBuildFile; fileRef = B26F6E632451A400005EAC38 /* Step109DetailView.swift */; };
		B26F6E6C2451AC85005EAC38 /* sound_victoryMogic.m4a in Resources */ = {isa = PBXBuildFile; fileRef = B26F6E6B2451AC85005EAC38 /* sound_victoryMogic.m4a */; };
		B26F6E6E2451AD5C005EAC38 /* sound_victoryCheers.m4a in Resources */ = {isa = PBXBuildFile; fileRef = B26F6E6D2451AD5C005EAC38 /* sound_victoryCheers.m4a */; };
		B27E86832450265700AFB2E2 /* Step102DetailView.swift in Sources */ = {isa = PBXBuildFile; fileRef = B27E86822450265700AFB2E2 /* Step102DetailView.swift */; };
		B299BE52245130CC0096360D /* donutLoader.json in Resources */ = {isa = PBXBuildFile; fileRef = B299BE51245130CC0096360D /* donutLoader.json */; };
		B2E869A824471AC80085F7ED /* AppDelegate.swift in Sources */ = {isa = PBXBuildFile; fileRef = B2E869A724471AC80085F7ED /* AppDelegate.swift */; };
		B2E869AA24471AC80085F7ED /* SceneDelegate.swift in Sources */ = {isa = PBXBuildFile; fileRef = B2E869A924471AC80085F7ED /* SceneDelegate.swift */; };
		B2E869AC24471AC80085F7ED /* LandmarkDetail.swift in Sources */ = {isa = PBXBuildFile; fileRef = B2E869AB24471AC80085F7ED /* LandmarkDetail.swift */; };
		B2E869AE24471AC90085F7ED /* Assets.xcassets in Resources */ = {isa = PBXBuildFile; fileRef = B2E869AD24471AC90085F7ED /* Assets.xcassets */; };
		B2E869B124471AC90085F7ED /* Preview Assets.xcassets in Resources */ = {isa = PBXBuildFile; fileRef = B2E869B024471AC90085F7ED /* Preview Assets.xcassets */; };
		B2E869B424471AC90085F7ED /* LaunchScreen.storyboard in Resources */ = {isa = PBXBuildFile; fileRef = B2E869B224471AC90085F7ED /* LaunchScreen.storyboard */; };
		B2E869BF24471AC90085F7ED /* TreasureChestSwiftDemoTests.swift in Sources */ = {isa = PBXBuildFile; fileRef = B2E869BE24471AC90085F7ED /* TreasureChestSwiftDemoTests.swift */; };
		B2EEB988244EA46E0047A2D4 /* BadgeBackground.swift in Sources */ = {isa = PBXBuildFile; fileRef = B2EEB987244EA46E0047A2D4 /* BadgeBackground.swift */; };
		B2EEB98B244EA58A0047A2D4 /* HexagonParameters.swift in Sources */ = {isa = PBXBuildFile; fileRef = B2EEB98A244EA58A0047A2D4 /* HexagonParameters.swift */; };
		B2EEB98D244EC6770047A2D4 /* Badge.swift in Sources */ = {isa = PBXBuildFile; fileRef = B2EEB98C244EC6770047A2D4 /* Badge.swift */; };
		B2EEB98F244EC6A30047A2D4 /* BadgeSymbol.swift in Sources */ = {isa = PBXBuildFile; fileRef = B2EEB98E244EC6A30047A2D4 /* BadgeSymbol.swift */; };
		B2EEB991244EC9720047A2D4 /* RotatedBadgeSymbol.swift in Sources */ = {isa = PBXBuildFile; fileRef = B2EEB990244EC9720047A2D4 /* RotatedBadgeSymbol.swift */; };
		B2EEB994244ED71E0047A2D4 /* hikeData.json in Resources */ = {isa = PBXBuildFile; fileRef = B2EEB993244ED71E0047A2D4 /* hikeData.json */; };
		B2EEB996244EDD550047A2D4 /* MemoryKingView.swift in Sources */ = {isa = PBXBuildFile; fileRef = B2EEB995244EDD550047A2D4 /* MemoryKingView.swift */; };
		B2EEB998244EE0840047A2D4 /* JumpToMemoryKing.swift in Sources */ = {isa = PBXBuildFile; fileRef = B2EEB997244EE0840047A2D4 /* JumpToMemoryKing.swift */; };
		B2EEB99A244EE24A0047A2D4 /* TrainingStep.plist in Resources */ = {isa = PBXBuildFile; fileRef = B2EEB999244EE24A0047A2D4 /* TrainingStep.plist */; };
		B2EEB99E244F03D70047A2D4 /* String+Size.swift in Sources */ = {isa = PBXBuildFile; fileRef = B2EEB99D244F03D70047A2D4 /* String+Size.swift */; };
		DD4CBD254BFBE55C14A82988 /* Pods_abstract_pod_TreasureChestSwiftDemo.framework in Frameworks */ = {isa = PBXBuildFile; fileRef = 3DABF7267F9B38C8F4FEFD93 /* Pods_abstract_pod_TreasureChestSwiftDemo.framework */; };
/* End PBXBuildFile section */

/* Begin PBXContainerItemProxy section */
		B2E869BB24471AC90085F7ED /* PBXContainerItemProxy */ = {
			isa = PBXContainerItemProxy;
			containerPortal = B2E8699C24471AC80085F7ED /* Project object */;
			proxyType = 1;
			remoteGlobalIDString = B2E869A324471AC80085F7ED;
			remoteInfo = TreasureChestSwiftDemo;
		};
/* End PBXContainerItemProxy section */

/* Begin PBXFileReference section */
		22DAA52EB3A6DDAB810D5621 /* Pods-TreasureChestSwiftDemoTests.release.xcconfig */ = {isa = PBXFileReference; includeInIndex = 1; lastKnownFileType = text.xcconfig; name = "Pods-TreasureChestSwiftDemoTests.release.xcconfig"; path = "Target Support Files/Pods-TreasureChestSwiftDemoTests/Pods-TreasureChestSwiftDemoTests.release.xcconfig"; sourceTree = "<group>"; };
		3A4489F1244F423200ED5BF8 /* DateCovertHelper.swift */ = {isa = PBXFileReference; fileEncoding = 4; lastKnownFileType = sourcecode.swift; path = DateCovertHelper.swift; sourceTree = "<group>"; };
		3A4489F2244F423200ED5BF8 /* UIColor+Extension.swift */ = {isa = PBXFileReference; fileEncoding = 4; lastKnownFileType = sourcecode.swift; path = "UIColor+Extension.swift"; sourceTree = "<group>"; };
		3A4489F3244F423200ED5BF8 /* SoundPlayer.swift */ = {isa = PBXFileReference; fileEncoding = 4; lastKnownFileType = sourcecode.swift; path = SoundPlayer.swift; sourceTree = "<group>"; };
		3A4489F5244F423200ED5BF8 /* VectorOperation.swift */ = {isa = PBXFileReference; fileEncoding = 4; lastKnownFileType = sourcecode.swift; path = VectorOperation.swift; sourceTree = "<group>"; };
		3A4489F6244F423200ED5BF8 /* UIImage+Extension.swift */ = {isa = PBXFileReference; fileEncoding = 4; lastKnownFileType = sourcecode.swift; path = "UIImage+Extension.swift"; sourceTree = "<group>"; };
		3A4489F7244F423200ED5BF8 /* Double+Extension.swift */ = {isa = PBXFileReference; fileEncoding = 4; lastKnownFileType = sourcecode.swift; path = "Double+Extension.swift"; sourceTree = "<group>"; };
		3A4489F8244F423200ED5BF8 /* GetController+Extension.swift */ = {isa = PBXFileReference; fileEncoding = 4; lastKnownFileType = sourcecode.swift; path = "GetController+Extension.swift"; sourceTree = "<group>"; };
		3A4489F9244F423200ED5BF8 /* UIView+Extension.swift */ = {isa = PBXFileReference; fileEncoding = 4; lastKnownFileType = sourcecode.swift; path = "UIView+Extension.swift"; sourceTree = "<group>"; };
		3A4489FB244F423200ED5BF8 /* GlobalReleaseConfig.swift */ = {isa = PBXFileReference; fileEncoding = 4; lastKnownFileType = sourcecode.swift; path = GlobalReleaseConfig.swift; sourceTree = "<group>"; };
		3A4489FC244F423200ED5BF8 /* String+Extension.swift */ = {isa = PBXFileReference; fileEncoding = 4; lastKnownFileType = sourcecode.swift; path = "String+Extension.swift"; sourceTree = "<group>"; };
		3A4489FD244F423200ED5BF8 /* GlobalConfig.swift */ = {isa = PBXFileReference; fileEncoding = 4; lastKnownFileType = sourcecode.swift; path = GlobalConfig.swift; sourceTree = "<group>"; };
		3A4489FE244F423200ED5BF8 /* CheckAuthorization.swift */ = {isa = PBXFileReference; fileEncoding = 4; lastKnownFileType = sourcecode.swift; path = CheckAuthorization.swift; sourceTree = "<group>"; };
		3A4489FF244F423200ED5BF8 /* ClockTimerConver.swift */ = {isa = PBXFileReference; fileEncoding = 4; lastKnownFileType = sourcecode.swift; path = ClockTimerConver.swift; sourceTree = "<group>"; };
		3A448A01244F423200ED5BF8 /* TrainingStepUserDefaults.swift */ = {isa = PBXFileReference; fileEncoding = 4; lastKnownFileType = sourcecode.swift; path = TrainingStepUserDefaults.swift; sourceTree = "<group>"; };
		3A448A02244F423200ED5BF8 /* TrainingConfigUserDefaults.swift */ = {isa = PBXFileReference; fileEncoding = 4; lastKnownFileType = sourcecode.swift; path = TrainingConfigUserDefaults.swift; sourceTree = "<group>"; };
		3A448A03244F423200ED5BF8 /* GlobalUserDefaults.swift */ = {isa = PBXFileReference; fileEncoding = 4; lastKnownFileType = sourcecode.swift; path = GlobalUserDefaults.swift; sourceTree = "<group>"; };
		3A448A04244F423200ED5BF8 /* UIImageViewIBInspectable.swift */ = {isa = PBXFileReference; fileEncoding = 4; lastKnownFileType = sourcecode.swift; path = UIImageViewIBInspectable.swift; sourceTree = "<group>"; };
		3A448A06244F423200ED5BF8 /* QiKeychainItem.m */ = {isa = PBXFileReference; fileEncoding = 4; lastKnownFileType = sourcecode.c.objc; path = QiKeychainItem.m; sourceTree = "<group>"; };
		3A448A07244F423200ED5BF8 /* QiKeychainItem.h */ = {isa = PBXFileReference; fileEncoding = 4; lastKnownFileType = sourcecode.c.h; path = QiKeychainItem.h; sourceTree = "<group>"; };
		3A448A0A244F423200ED5BF8 /* RotationViewVertices.swift */ = {isa = PBXFileReference; fileEncoding = 4; lastKnownFileType = sourcecode.swift; path = RotationViewVertices.swift; sourceTree = "<group>"; };
		3A448A0C244F423200ED5BF8 /* PlistTrainingStepModel.swift */ = {isa = PBXFileReference; fileEncoding = 4; lastKnownFileType = sourcecode.swift; path = PlistTrainingStepModel.swift; sourceTree = "<group>"; };
		3A448A0D244F423200ED5BF8 /* PlistMemoryCodeModel.swift */ = {isa = PBXFileReference; fileEncoding = 4; lastKnownFileType = sourcecode.swift; path = PlistMemoryCodeModel.swift; sourceTree = "<group>"; };
		3A448A0E244F423200ED5BF8 /* PlistMemoryTipsModel.swift */ = {isa = PBXFileReference; fileEncoding = 4; lastKnownFileType = sourcecode.swift; path = PlistMemoryTipsModel.swift; sourceTree = "<group>"; };
		3A448A0F244F423200ED5BF8 /* UIView+Dashed.swift */ = {isa = PBXFileReference; fileEncoding = 4; lastKnownFileType = sourcecode.swift; path = "UIView+Dashed.swift"; sourceTree = "<group>"; };
		3DABF7267F9B38C8F4FEFD93 /* Pods_abstract_pod_TreasureChestSwiftDemo.framework */ = {isa = PBXFileReference; explicitFileType = wrapper.framework; includeInIndex = 0; path = Pods_abstract_pod_TreasureChestSwiftDemo.framework; sourceTree = BUILT_PRODUCTS_DIR; };
		5FCF2983A674A17D182675D8 /* Pods-abstract_pod-TreasureChestSwiftDemo.debug.xcconfig */ = {isa = PBXFileReference; includeInIndex = 1; lastKnownFileType = text.xcconfig; name = "Pods-abstract_pod-TreasureChestSwiftDemo.debug.xcconfig"; path = "Target Support Files/Pods-abstract_pod-TreasureChestSwiftDemo/Pods-abstract_pod-TreasureChestSwiftDemo.debug.xcconfig"; sourceTree = "<group>"; };
		931817AD8ECCB91E506D045D /* Pods_TreasureChestSwiftDemoTests.framework */ = {isa = PBXFileReference; explicitFileType = wrapper.framework; includeInIndex = 0; path = Pods_TreasureChestSwiftDemoTests.framework; sourceTree = BUILT_PRODUCTS_DIR; };
		A255D5F0C5F41D50DC28355F /* Pods-TreasureChestSwiftDemoTests.debug.xcconfig */ = {isa = PBXFileReference; includeInIndex = 1; lastKnownFileType = text.xcconfig; name = "Pods-TreasureChestSwiftDemoTests.debug.xcconfig"; path = "Target Support Files/Pods-TreasureChestSwiftDemoTests/Pods-TreasureChestSwiftDemoTests.debug.xcconfig"; sourceTree = "<group>"; };
		B2059892244D7538007DA4DE /* Step100DetailView.swift */ = {isa = PBXFileReference; fileEncoding = 4; lastKnownFileType = sourcecode.swift; path = Step100DetailView.swift; sourceTree = "<group>"; };
		B2059893244D7538007DA4DE /* Step101DetailView.swift */ = {isa = PBXFileReference; fileEncoding = 4; lastKnownFileType = sourcecode.swift; path = Step101DetailView.swift; sourceTree = "<group>"; };
		B2059894244D7538007DA4DE /* StepBaseView.swift */ = {isa = PBXFileReference; fileEncoding = 4; lastKnownFileType = sourcecode.swift; path = StepBaseView.swift; sourceTree = "<group>"; };
		B2059895244D7538007DA4DE /* StepGroup100DetailController.swift */ = {isa = PBXFileReference; fileEncoding = 4; lastKnownFileType = sourcecode.swift; path = StepGroup100DetailController.swift; sourceTree = "<group>"; };
		B2059896244D7538007DA4DE /* StepGroup100Controller.swift */ = {isa = PBXFileReference; fileEncoding = 4; lastKnownFileType = sourcecode.swift; path = StepGroup100Controller.swift; sourceTree = "<group>"; };
		B2059897244D7538007DA4DE /* TrainingStepController.swift */ = {isa = PBXFileReference; fileEncoding = 4; lastKnownFileType = sourcecode.swift; path = TrainingStepController.swift; sourceTree = "<group>"; };
		B2059898244D7538007DA4DE /* TrainingStepEnum.swift */ = {isa = PBXFileReference; fileEncoding = 4; lastKnownFileType = sourcecode.swift; path = TrainingStepEnum.swift; sourceTree = "<group>"; };
		B2059899244D7538007DA4DE /* TrainingStepCell.swift */ = {isa = PBXFileReference; fileEncoding = 4; lastKnownFileType = sourcecode.swift; path = TrainingStepCell.swift; sourceTree = "<group>"; };
		B205989F244D7538007DA4DE /* BaseViewController.swift */ = {isa = PBXFileReference; fileEncoding = 4; lastKnownFileType = sourcecode.swift; path = BaseViewController.swift; sourceTree = "<group>"; };
		B20598A0244D7538007DA4DE /* BaseNaviController.swift */ = {isa = PBXFileReference; fileEncoding = 4; lastKnownFileType = sourcecode.swift; path = BaseNaviController.swift; sourceTree = "<group>"; };
		B20598B2244D76A1007DA4DE /* ProgressHUD.swift */ = {isa = PBXFileReference; fileEncoding = 4; lastKnownFileType = sourcecode.swift; path = ProgressHUD.swift; sourceTree = "<group>"; };
		B20598B7244D8DD1007DA4DE /* Data.swift */ = {isa = PBXFileReference; fileEncoding = 4; lastKnownFileType = sourcecode.swift; path = Data.swift; sourceTree = "<group>"; };
		B20598B8244D8DD1007DA4DE /* Landmark.swift */ = {isa = PBXFileReference; fileEncoding = 4; lastKnownFileType = sourcecode.swift; path = Landmark.swift; sourceTree = "<group>"; };
		B20598BC244D8E05007DA4DE /* turtlerock.jpg */ = {isa = PBXFileReference; lastKnownFileType = image.jpeg; path = turtlerock.jpg; sourceTree = "<group>"; };
		B20598BD244D8E05007DA4DE /* silversalmoncreek.jpg */ = {isa = PBXFileReference; lastKnownFileType = image.jpeg; path = silversalmoncreek.jpg; sourceTree = "<group>"; };
		B20598BE244D8E05007DA4DE /* icybay.jpg */ = {isa = PBXFileReference; lastKnownFileType = image.jpeg; path = icybay.jpg; sourceTree = "<group>"; };
		B20598BF244D8E05007DA4DE /* lakemcdonald.jpg */ = {isa = PBXFileReference; lastKnownFileType = image.jpeg; path = lakemcdonald.jpg; sourceTree = "<group>"; };
		B20598C0244D8E05007DA4DE /* hiddenlake.jpg */ = {isa = PBXFileReference; lastKnownFileType = image.jpeg; path = hiddenlake.jpg; sourceTree = "<group>"; };
		B20598C1244D8E05007DA4DE /* twinlake.jpg */ = {isa = PBXFileReference; lastKnownFileType = image.jpeg; path = twinlake.jpg; sourceTree = "<group>"; };
		B20598C2244D8E05007DA4DE /* umbagog.jpg */ = {isa = PBXFileReference; lastKnownFileType = image.jpeg; path = umbagog.jpg; sourceTree = "<group>"; };
		B20598C3244D8E05007DA4DE /* landmarkData.json */ = {isa = PBXFileReference; fileEncoding = 4; lastKnownFileType = text.json; path = landmarkData.json; sourceTree = "<group>"; };
		B20598C4244D8E05007DA4DE /* chincoteague.jpg */ = {isa = PBXFileReference; lastKnownFileType = image.jpeg; path = chincoteague.jpg; sourceTree = "<group>"; };
		B20598C5244D8E05007DA4DE /* charleyrivers.jpg */ = {isa = PBXFileReference; lastKnownFileType = image.jpeg; path = charleyrivers.jpg; sourceTree = "<group>"; };
		B20598C6244D8E05007DA4DE /* stmarylake.jpg */ = {isa = PBXFileReference; lastKnownFileType = image.jpeg; path = stmarylake.jpg; sourceTree = "<group>"; };
		B20598C7244D8E05007DA4DE /* chilkoottrail.jpg */ = {isa = PBXFileReference; lastKnownFileType = image.jpeg; path = chilkoottrail.jpg; sourceTree = "<group>"; };
		B20598C8244D8E05007DA4DE /* rainbowlake.jpg */ = {isa = PBXFileReference; lastKnownFileType = image.jpeg; path = rainbowlake.jpg; sourceTree = "<group>"; };
		B20598D6244D947B007DA4DE /* LandmarkRow.swift */ = {isa = PBXFileReference; lastKnownFileType = sourcecode.swift; path = LandmarkRow.swift; sourceTree = "<group>"; };
		B20598D8244DA05A007DA4DE /* LandmarkList.swift */ = {isa = PBXFileReference; lastKnownFileType = sourcecode.swift; path = LandmarkList.swift; sourceTree = "<group>"; };
		B20598DA244DB5C8007DA4DE /* UserData.swift */ = {isa = PBXFileReference; lastKnownFileType = sourcecode.swift; path = UserData.swift; sourceTree = "<group>"; };
		B21D279C245055FF0000C8ED /* UIViewRender.swift */ = {isa = PBXFileReference; lastKnownFileType = sourcecode.swift; path = UIViewRender.swift; sourceTree = "<group>"; };
		B2402ECA244D48E80043911A /* MapView.swift */ = {isa = PBXFileReference; lastKnownFileType = sourcecode.swift; path = MapView.swift; sourceTree = "<group>"; };
		B248E3502447F42D004F00B6 /* CircleImageView.swift */ = {isa = PBXFileReference; lastKnownFileType = sourcecode.swift; path = CircleImageView.swift; sourceTree = "<group>"; };
		B26F6E2524516D25005EAC38 /* thumbsUp.json */ = {isa = PBXFileReference; fileEncoding = 4; lastKnownFileType = text.json; path = thumbsUp.json; sourceTree = "<group>"; };
		B26F6E3624519E2F005EAC38 /* sound_score.m4a */ = {isa = PBXFileReference; lastKnownFileType = file; path = sound_score.m4a; sourceTree = "<group>"; };
		B26F6E3824519E89005EAC38 /* score.wav */ = {isa = PBXFileReference; lastKnownFileType = audio.wav; path = score.wav; sourceTree = "<group>"; };
		B26F6E3924519E89005EAC38 /* carrot.wav */ = {isa = PBXFileReference; lastKnownFileType = audio.wav; path = carrot.wav; sourceTree = "<group>"; };
		B26F6E3A24519E89005EAC38 /* eat2.wav */ = {isa = PBXFileReference; lastKnownFileType = audio.wav; path = eat2.wav; sourceTree = "<group>"; };
		B26F6E3B24519E8A005EAC38 /* victoryCheers.wav */ = {isa = PBXFileReference; lastKnownFileType = audio.wav; path = victoryCheers.wav; sourceTree = "<group>"; };
		B26F6E3C24519E8A005EAC38 /* victoryMagic.mp3 */ = {isa = PBXFileReference; lastKnownFileType = audio.mp3; path = victoryMagic.mp3; sourceTree = "<group>"; };
		B26F6E3D24519E8A005EAC38 /* PotatoChips1.wav */ = {isa = PBXFileReference; lastKnownFileType = audio.wav; path = PotatoChips1.wav; sourceTree = "<group>"; };
		B26F6E3E24519E8A005EAC38 /* PotatoChips2.wav */ = {isa = PBXFileReference; lastKnownFileType = audio.wav; path = PotatoChips2.wav; sourceTree = "<group>"; };
		B26F6E3F24519E8A005EAC38 /* eat1.mp3 */ = {isa = PBXFileReference; lastKnownFileType = audio.mp3; path = eat1.mp3; sourceTree = "<group>"; };
		B26F6E482451A0B4005EAC38 /* sound_eat.m4a */ = {isa = PBXFileReference; lastKnownFileType = file; path = sound_eat.m4a; sourceTree = "<group>"; };
		B26F6E5D2451A400005EAC38 /* Step103DetailView.swift */ = {isa = PBXFileReference; fileEncoding = 4; lastKnownFileType = sourcecode.swift; path = Step103DetailView.swift; sourceTree = "<group>"; };
		B26F6E5E2451A400005EAC38 /* Step106DetailView.swift */ = {isa = PBXFileReference; fileEncoding = 4; lastKnownFileType = sourcecode.swift; path = Step106DetailView.swift; sourceTree = "<group>"; };
		B26F6E5F2451A400005EAC38 /* Step104DetailView.swift */ = {isa = PBXFileReference; fileEncoding = 4; lastKnownFileType = sourcecode.swift; path = Step104DetailView.swift; sourceTree = "<group>"; };
		B26F6E602451A400005EAC38 /* Step107DetailView.swift */ = {isa = PBXFileReference; fileEncoding = 4; lastKnownFileType = sourcecode.swift; path = Step107DetailView.swift; sourceTree = "<group>"; };
		B26F6E612451A400005EAC38 /* Step105DetailView.swift */ = {isa = PBXFileReference; fileEncoding = 4; lastKnownFileType = sourcecode.swift; path = Step105DetailView.swift; sourceTree = "<group>"; };
		B26F6E622451A400005EAC38 /* Step108DetailView.swift */ = {isa = PBXFileReference; fileEncoding = 4; lastKnownFileType = sourcecode.swift; path = Step108DetailView.swift; sourceTree = "<group>"; };
		B26F6E632451A400005EAC38 /* Step109DetailView.swift */ = {isa = PBXFileReference; fileEncoding = 4; lastKnownFileType = sourcecode.swift; path = Step109DetailView.swift; sourceTree = "<group>"; };
		B26F6E6B2451AC85005EAC38 /* sound_victoryMogic.m4a */ = {isa = PBXFileReference; lastKnownFileType = file; path = sound_victoryMogic.m4a; sourceTree = "<group>"; };
		B26F6E6D2451AD5C005EAC38 /* sound_victoryCheers.m4a */ = {isa = PBXFileReference; lastKnownFileType = file; path = sound_victoryCheers.m4a; sourceTree = "<group>"; };
		B27E86822450265700AFB2E2 /* Step102DetailView.swift */ = {isa = PBXFileReference; lastKnownFileType = sourcecode.swift; path = Step102DetailView.swift; sourceTree = "<group>"; };
		B299BE51245130CC0096360D /* donutLoader.json */ = {isa = PBXFileReference; fileEncoding = 4; lastKnownFileType = text.json; path = donutLoader.json; sourceTree = "<group>"; };
		B2E869A424471AC80085F7ED /* TreasureChestSwiftDemo.app */ = {isa = PBXFileReference; explicitFileType = wrapper.application; includeInIndex = 0; path = TreasureChestSwiftDemo.app; sourceTree = BUILT_PRODUCTS_DIR; };
		B2E869A724471AC80085F7ED /* AppDelegate.swift */ = {isa = PBXFileReference; lastKnownFileType = sourcecode.swift; path = AppDelegate.swift; sourceTree = "<group>"; };
		B2E869A924471AC80085F7ED /* SceneDelegate.swift */ = {isa = PBXFileReference; lastKnownFileType = sourcecode.swift; path = SceneDelegate.swift; sourceTree = "<group>"; };
		B2E869AB24471AC80085F7ED /* LandmarkDetail.swift */ = {isa = PBXFileReference; lastKnownFileType = sourcecode.swift; path = LandmarkDetail.swift; sourceTree = "<group>"; };
		B2E869AD24471AC90085F7ED /* Assets.xcassets */ = {isa = PBXFileReference; lastKnownFileType = folder.assetcatalog; path = Assets.xcassets; sourceTree = "<group>"; };
		B2E869B024471AC90085F7ED /* Preview Assets.xcassets */ = {isa = PBXFileReference; lastKnownFileType = folder.assetcatalog; path = "Preview Assets.xcassets"; sourceTree = "<group>"; };
		B2E869B324471AC90085F7ED /* Base */ = {isa = PBXFileReference; lastKnownFileType = file.storyboard; name = Base; path = Base.lproj/LaunchScreen.storyboard; sourceTree = "<group>"; };
		B2E869B524471AC90085F7ED /* Info.plist */ = {isa = PBXFileReference; lastKnownFileType = text.plist.xml; path = Info.plist; sourceTree = "<group>"; };
		B2E869BA24471AC90085F7ED /* TreasureChestSwiftDemoTests.xctest */ = {isa = PBXFileReference; explicitFileType = wrapper.cfbundle; includeInIndex = 0; path = TreasureChestSwiftDemoTests.xctest; sourceTree = BUILT_PRODUCTS_DIR; };
		B2E869BE24471AC90085F7ED /* TreasureChestSwiftDemoTests.swift */ = {isa = PBXFileReference; lastKnownFileType = sourcecode.swift; path = TreasureChestSwiftDemoTests.swift; sourceTree = "<group>"; };
		B2E869C024471AC90085F7ED /* Info.plist */ = {isa = PBXFileReference; lastKnownFileType = text.plist.xml; path = Info.plist; sourceTree = "<group>"; };
		B2EEB987244EA46E0047A2D4 /* BadgeBackground.swift */ = {isa = PBXFileReference; lastKnownFileType = sourcecode.swift; path = BadgeBackground.swift; sourceTree = "<group>"; };
		B2EEB98A244EA58A0047A2D4 /* HexagonParameters.swift */ = {isa = PBXFileReference; lastKnownFileType = sourcecode.swift; path = HexagonParameters.swift; sourceTree = "<group>"; };
		B2EEB98C244EC6770047A2D4 /* Badge.swift */ = {isa = PBXFileReference; lastKnownFileType = sourcecode.swift; path = Badge.swift; sourceTree = "<group>"; };
		B2EEB98E244EC6A30047A2D4 /* BadgeSymbol.swift */ = {isa = PBXFileReference; lastKnownFileType = sourcecode.swift; path = BadgeSymbol.swift; sourceTree = "<group>"; };
		B2EEB990244EC9720047A2D4 /* RotatedBadgeSymbol.swift */ = {isa = PBXFileReference; lastKnownFileType = sourcecode.swift; path = RotatedBadgeSymbol.swift; sourceTree = "<group>"; };
		B2EEB993244ED71E0047A2D4 /* hikeData.json */ = {isa = PBXFileReference; fileEncoding = 4; lastKnownFileType = text.json; path = hikeData.json; sourceTree = "<group>"; };
		B2EEB995244EDD550047A2D4 /* MemoryKingView.swift */ = {isa = PBXFileReference; lastKnownFileType = sourcecode.swift; path = MemoryKingView.swift; sourceTree = "<group>"; };
		B2EEB997244EE0840047A2D4 /* JumpToMemoryKing.swift */ = {isa = PBXFileReference; lastKnownFileType = sourcecode.swift; path = JumpToMemoryKing.swift; sourceTree = "<group>"; };
		B2EEB999244EE24A0047A2D4 /* TrainingStep.plist */ = {isa = PBXFileReference; fileEncoding = 4; lastKnownFileType = text.plist.xml; name = TrainingStep.plist; path = "../../../../../Library/Mobile Documents/com~apple~CloudDocs/TrainingStep.plist"; sourceTree = "<group>"; };
		B2EEB99D244F03D70047A2D4 /* String+Size.swift */ = {isa = PBXFileReference; lastKnownFileType = sourcecode.swift; path = "String+Size.swift"; sourceTree = "<group>"; };
		E612488E9685FC592B64072D /* Pods-abstract_pod-TreasureChestSwiftDemo.release.xcconfig */ = {isa = PBXFileReference; includeInIndex = 1; lastKnownFileType = text.xcconfig; name = "Pods-abstract_pod-TreasureChestSwiftDemo.release.xcconfig"; path = "Target Support Files/Pods-abstract_pod-TreasureChestSwiftDemo/Pods-abstract_pod-TreasureChestSwiftDemo.release.xcconfig"; sourceTree = "<group>"; };
/* End PBXFileReference section */

/* Begin PBXFrameworksBuildPhase section */
		B2E869A124471AC80085F7ED /* Frameworks */ = {
			isa = PBXFrameworksBuildPhase;
			buildActionMask = 2147483647;
			files = (
				DD4CBD254BFBE55C14A82988 /* Pods_abstract_pod_TreasureChestSwiftDemo.framework in Frameworks */,
			);
			runOnlyForDeploymentPostprocessing = 0;
		};
		B2E869B724471AC90085F7ED /* Frameworks */ = {
			isa = PBXFrameworksBuildPhase;
			buildActionMask = 2147483647;
			files = (
				402D6A78A2FC3323CC56A589 /* Pods_TreasureChestSwiftDemoTests.framework in Frameworks */,
			);
			runOnlyForDeploymentPostprocessing = 0;
		};
/* End PBXFrameworksBuildPhase section */

/* Begin PBXGroup section */
		3A4489EE244F423200ED5BF8 /* Utility */ = {
			isa = PBXGroup;
			children = (
				3A4489F1244F423200ED5BF8 /* DateCovertHelper.swift */,
				3A4489F3244F423200ED5BF8 /* SoundPlayer.swift */,
				3A4489F5244F423200ED5BF8 /* VectorOperation.swift */,
				3A4489FB244F423200ED5BF8 /* GlobalReleaseConfig.swift */,
				3A4489FD244F423200ED5BF8 /* GlobalConfig.swift */,
				3A4489FE244F423200ED5BF8 /* CheckAuthorization.swift */,
				3A4489FF244F423200ED5BF8 /* ClockTimerConver.swift */,
				3A448A04244F423200ED5BF8 /* UIImageViewIBInspectable.swift */,
				3A448A0A244F423200ED5BF8 /* RotationViewVertices.swift */,
				B21D279C245055FF0000C8ED /* UIViewRender.swift */,
				3A448A00244F423200ED5BF8 /* AppUserDefaults */,
				3A448A05244F423200ED5BF8 /* KeyChain */,
				3A448A0B244F423200ED5BF8 /* PlistDataParse */,
			);
			path = Utility;
			sourceTree = "<group>";
		};
		3A448A00244F423200ED5BF8 /* AppUserDefaults */ = {
			isa = PBXGroup;
			children = (
				3A448A01244F423200ED5BF8 /* TrainingStepUserDefaults.swift */,
				3A448A02244F423200ED5BF8 /* TrainingConfigUserDefaults.swift */,
				3A448A03244F423200ED5BF8 /* GlobalUserDefaults.swift */,
			);
			path = AppUserDefaults;
			sourceTree = "<group>";
		};
		3A448A05244F423200ED5BF8 /* KeyChain */ = {
			isa = PBXGroup;
			children = (
				3A448A06244F423200ED5BF8 /* QiKeychainItem.m */,
				3A448A07244F423200ED5BF8 /* QiKeychainItem.h */,
			);
			path = KeyChain;
			sourceTree = "<group>";
		};
		3A448A0B244F423200ED5BF8 /* PlistDataParse */ = {
			isa = PBXGroup;
			children = (
				3A448A0C244F423200ED5BF8 /* PlistTrainingStepModel.swift */,
				3A448A0D244F423200ED5BF8 /* PlistMemoryCodeModel.swift */,
				3A448A0E244F423200ED5BF8 /* PlistMemoryTipsModel.swift */,
			);
			path = PlistDataParse;
			sourceTree = "<group>";
		};
		431DD99982496474C0B42E8A /* Frameworks */ = {
			isa = PBXGroup;
			children = (
				931817AD8ECCB91E506D045D /* Pods_TreasureChestSwiftDemoTests.framework */,
				3DABF7267F9B38C8F4FEFD93 /* Pods_abstract_pod_TreasureChestSwiftDemo.framework */,
			);
			name = Frameworks;
			sourceTree = "<group>";
		};
		9374E1551915542A17C67D76 /* Pods */ = {
			isa = PBXGroup;
			children = (
				A255D5F0C5F41D50DC28355F /* Pods-TreasureChestSwiftDemoTests.debug.xcconfig */,
				22DAA52EB3A6DDAB810D5621 /* Pods-TreasureChestSwiftDemoTests.release.xcconfig */,
				5FCF2983A674A17D182675D8 /* Pods-abstract_pod-TreasureChestSwiftDemo.debug.xcconfig */,
				E612488E9685FC592B64072D /* Pods-abstract_pod-TreasureChestSwiftDemo.release.xcconfig */,
			);
			name = Pods;
			path = ../Pods;
			sourceTree = "<group>";
		};
		B205988F244D7538007DA4DE /* TrainingStep */ = {
			isa = PBXGroup;
			children = (
				B2059897244D7538007DA4DE /* TrainingStepController.swift */,
				B2059898244D7538007DA4DE /* TrainingStepEnum.swift */,
				B2059899244D7538007DA4DE /* TrainingStepCell.swift */,
				B2059890244D7538007DA4DE /* StepGroup100 */,
				B205989E244D7538007DA4DE /* tool */,
			);
			name = TrainingStep;
			path = "../../../../../Library/Mobile Documents/com~apple~CloudDocs/TrainingStep";
			sourceTree = "<group>";
		};
		B2059890244D7538007DA4DE /* StepGroup100 */ = {
			isa = PBXGroup;
			children = (
				B2059896244D7538007DA4DE /* StepGroup100Controller.swift */,
				B2059891244D7538007DA4DE /* StepGroup100Detail */,
			);
			path = StepGroup100;
			sourceTree = "<group>";
		};
		B2059891244D7538007DA4DE /* StepGroup100Detail */ = {
			isa = PBXGroup;
			children = (
				B2059895244D7538007DA4DE /* StepGroup100DetailController.swift */,
				B2059894244D7538007DA4DE /* StepBaseView.swift */,
				B2059892244D7538007DA4DE /* Step100DetailView.swift */,
				B2059893244D7538007DA4DE /* Step101DetailView.swift */,
				B27E86822450265700AFB2E2 /* Step102DetailView.swift */,
				B26F6E5D2451A400005EAC38 /* Step103DetailView.swift */,
				B26F6E5F2451A400005EAC38 /* Step104DetailView.swift */,
				B26F6E612451A400005EAC38 /* Step105DetailView.swift */,
				B26F6E5E2451A400005EAC38 /* Step106DetailView.swift */,
				B26F6E602451A400005EAC38 /* Step107DetailView.swift */,
				B26F6E622451A400005EAC38 /* Step108DetailView.swift */,
				B26F6E632451A400005EAC38 /* Step109DetailView.swift */,
				B299BE51245130CC0096360D /* donutLoader.json */,
				B26F6E2524516D25005EAC38 /* thumbsUp.json */,
			);
			path = StepGroup100Detail;
			sourceTree = "<group>";
		};
		B205989E244D7538007DA4DE /* tool */ = {
			isa = PBXGroup;
			children = (
				B205989F244D7538007DA4DE /* BaseViewController.swift */,
				B20598A0244D7538007DA4DE /* BaseNaviController.swift */,
				B20598B2244D76A1007DA4DE /* ProgressHUD.swift */,
			);
			path = tool;
			sourceTree = "<group>";
		};
		B20598B6244D8DD1007DA4DE /* Models */ = {
			isa = PBXGroup;
			children = (
				B20598B7244D8DD1007DA4DE /* Data.swift */,
				B20598B8244D8DD1007DA4DE /* Landmark.swift */,
				B20598DA244DB5C8007DA4DE /* UserData.swift */,
			);
			path = Models;
			sourceTree = "<group>";
		};
		B20598BB244D8E05007DA4DE /* Resources */ = {
			isa = PBXGroup;
			children = (
				B20598C3244D8E05007DA4DE /* landmarkData.json */,
				B20598BC244D8E05007DA4DE /* turtlerock.jpg */,
				B20598BD244D8E05007DA4DE /* silversalmoncreek.jpg */,
				B20598BE244D8E05007DA4DE /* icybay.jpg */,
				B20598BF244D8E05007DA4DE /* lakemcdonald.jpg */,
				B20598C0244D8E05007DA4DE /* hiddenlake.jpg */,
				B20598C1244D8E05007DA4DE /* twinlake.jpg */,
				B20598C2244D8E05007DA4DE /* umbagog.jpg */,
				B20598C4244D8E05007DA4DE /* chincoteague.jpg */,
				B20598C5244D8E05007DA4DE /* charleyrivers.jpg */,
				B20598C6244D8E05007DA4DE /* stmarylake.jpg */,
				B20598C7244D8E05007DA4DE /* chilkoottrail.jpg */,
				B20598C8244D8E05007DA4DE /* rainbowlake.jpg */,
			);
			path = Resources;
			sourceTree = "<group>";
		};
		B2402EC8244D40FF0043911A /* Demo */ = {
			isa = PBXGroup;
			children = (
				B2EEB986244EA43E0047A2D4 /* Drawing_Animation */,
				B2EEB985244EA42F0047A2D4 /* SwiftUI_Essentials */,
			);
			path = Demo;
			sourceTree = "<group>";
		};
		B2402EC9244D41360043911A /* TreasureChestSwift */ = {
			isa = PBXGroup;
			children = (
				B2EEB999244EE24A0047A2D4 /* TrainingStep.plist */,
				B205988F244D7538007DA4DE /* TrainingStep */,
			);
			path = TreasureChestSwift;
			sourceTree = "<group>";
		};
		B26F6E27245199AC005EAC38 /* Resources */ = {
			isa = PBXGroup;
			children = (
				B26F6E3624519E2F005EAC38 /* sound_score.m4a */,
				B26F6E482451A0B4005EAC38 /* sound_eat.m4a */,
				B26F6E6B2451AC85005EAC38 /* sound_victoryMogic.m4a */,
				B26F6E6D2451AD5C005EAC38 /* sound_victoryCheers.m4a */,
				B26F6E3724519E47005EAC38 /* soundSourceFile */,
			);
			path = Resources;
			sourceTree = "<group>";
		};
		B26F6E3724519E47005EAC38 /* soundSourceFile */ = {
			isa = PBXGroup;
			children = (
				B26F6E3924519E89005EAC38 /* carrot.wav */,
				B26F6E3F24519E8A005EAC38 /* eat1.mp3 */,
				B26F6E3A24519E89005EAC38 /* eat2.wav */,
				B26F6E3D24519E8A005EAC38 /* PotatoChips1.wav */,
				B26F6E3E24519E8A005EAC38 /* PotatoChips2.wav */,
				B26F6E3824519E89005EAC38 /* score.wav */,
				B26F6E3B24519E8A005EAC38 /* victoryCheers.wav */,
				B26F6E3C24519E8A005EAC38 /* victoryMagic.mp3 */,
			);
			path = soundSourceFile;
			sourceTree = "<group>";
		};
		B2E8699B24471AC80085F7ED = {
			isa = PBXGroup;
			children = (
				B2EEB99C244F038A0047A2D4 /* Tmp */,
				B2402EC9244D41360043911A /* TreasureChestSwift */,
				B2E869A624471AC80085F7ED /* TreasureChestSwiftDemo */,
				B2E869BD24471AC90085F7ED /* TreasureChestSwiftDemoTests */,
				B2E869A524471AC80085F7ED /* Products */,
				9374E1551915542A17C67D76 /* Pods */,
				431DD99982496474C0B42E8A /* Frameworks */,
			);
			sourceTree = "<group>";
		};
		B2E869A524471AC80085F7ED /* Products */ = {
			isa = PBXGroup;
			children = (
				B2E869A424471AC80085F7ED /* TreasureChestSwiftDemo.app */,
				B2E869BA24471AC90085F7ED /* TreasureChestSwiftDemoTests.xctest */,
			);
			name = Products;
			sourceTree = "<group>";
		};
		B2E869A624471AC80085F7ED /* TreasureChestSwiftDemo */ = {
			isa = PBXGroup;
			children = (
				B2E869A724471AC80085F7ED /* AppDelegate.swift */,
				B2E869A924471AC80085F7ED /* SceneDelegate.swift */,
				B2EEB995244EDD550047A2D4 /* MemoryKingView.swift */,
				B2EEB997244EE0840047A2D4 /* JumpToMemoryKing.swift */,
				B26F6E27245199AC005EAC38 /* Resources */,
				B2402EC8244D40FF0043911A /* Demo */,
				B2E869AD24471AC90085F7ED /* Assets.xcassets */,
				B2E869B224471AC90085F7ED /* LaunchScreen.storyboard */,
				B2E869B524471AC90085F7ED /* Info.plist */,
				B2E869AF24471AC90085F7ED /* Preview Content */,
			);
			path = TreasureChestSwiftDemo;
			sourceTree = "<group>";
		};
		B2E869AF24471AC90085F7ED /* Preview Content */ = {
			isa = PBXGroup;
			children = (
				B2E869B024471AC90085F7ED /* Preview Assets.xcassets */,
			);
			path = "Preview Content";
			sourceTree = "<group>";
		};
		B2E869BD24471AC90085F7ED /* TreasureChestSwiftDemoTests */ = {
			isa = PBXGroup;
			children = (
				B2E869BE24471AC90085F7ED /* TreasureChestSwiftDemoTests.swift */,
				B2E869C024471AC90085F7ED /* Info.plist */,
			);
			path = TreasureChestSwiftDemoTests;
			sourceTree = "<group>";
		};
		B2EEB985244EA42F0047A2D4 /* SwiftUI_Essentials */ = {
			isa = PBXGroup;
			children = (
				B20598D8244DA05A007DA4DE /* LandmarkList.swift */,
				B20598D6244D947B007DA4DE /* LandmarkRow.swift */,
				B2E869AB24471AC80085F7ED /* LandmarkDetail.swift */,
				B248E3502447F42D004F00B6 /* CircleImageView.swift */,
				B2402ECA244D48E80043911A /* MapView.swift */,
				B20598B6244D8DD1007DA4DE /* Models */,
				B20598BB244D8E05007DA4DE /* Resources */,
			);
			path = SwiftUI_Essentials;
			sourceTree = "<group>";
		};
		B2EEB986244EA43E0047A2D4 /* Drawing_Animation */ = {
			isa = PBXGroup;
			children = (
				B2EEB98C244EC6770047A2D4 /* Badge.swift */,
				B2EEB987244EA46E0047A2D4 /* BadgeBackground.swift */,
				B2EEB98E244EC6A30047A2D4 /* BadgeSymbol.swift */,
				B2EEB990244EC9720047A2D4 /* RotatedBadgeSymbol.swift */,
				B2EEB989244EA5780047A2D4 /* Models */,
				B2EEB992244ED7130047A2D4 /* Resources */,
			);
			path = Drawing_Animation;
			sourceTree = "<group>";
		};
		B2EEB989244EA5780047A2D4 /* Models */ = {
			isa = PBXGroup;
			children = (
				B2EEB98A244EA58A0047A2D4 /* HexagonParameters.swift */,
			);
			path = Models;
			sourceTree = "<group>";
		};
		B2EEB992244ED7130047A2D4 /* Resources */ = {
			isa = PBXGroup;
			children = (
				B2EEB993244ED71E0047A2D4 /* hikeData.json */,
			);
			path = Resources;
			sourceTree = "<group>";
		};
		B2EEB99B244F03730047A2D4 /* Extension */ = {
			isa = PBXGroup;
			children = (
				3A4489F2244F423200ED5BF8 /* UIColor+Extension.swift */,
				3A4489F6244F423200ED5BF8 /* UIImage+Extension.swift */,
				3A4489F7244F423200ED5BF8 /* Double+Extension.swift */,
				3A4489F8244F423200ED5BF8 /* GetController+Extension.swift */,
				3A4489F9244F423200ED5BF8 /* UIView+Extension.swift */,
				3A4489FC244F423200ED5BF8 /* String+Extension.swift */,
				3A448A0F244F423200ED5BF8 /* UIView+Dashed.swift */,
				B2EEB99D244F03D70047A2D4 /* String+Size.swift */,
			);
			path = Extension;
			sourceTree = "<group>";
		};
		B2EEB99C244F038A0047A2D4 /* Tmp */ = {
			isa = PBXGroup;
			children = (
				3A4489EE244F423200ED5BF8 /* Utility */,
				B2EEB99B244F03730047A2D4 /* Extension */,
			);
			path = Tmp;
			sourceTree = "<group>";
		};
/* End PBXGroup section */

/* Begin PBXNativeTarget section */
		B2E869A324471AC80085F7ED /* TreasureChestSwiftDemo */ = {
			isa = PBXNativeTarget;
			buildConfigurationList = B2E869C324471AC90085F7ED /* Build configuration list for PBXNativeTarget "TreasureChestSwiftDemo" */;
			buildPhases = (
				290945A49D037CF33A23E900 /* [CP] Check Pods Manifest.lock */,
				B2E869A024471AC80085F7ED /* Sources */,
				B2E869A124471AC80085F7ED /* Frameworks */,
				B2E869A224471AC80085F7ED /* Resources */,
				F0BBA36578A6AAAC070F0848 /* [CP] Embed Pods Frameworks */,
			);
			buildRules = (
			);
			dependencies = (
			);
			name = TreasureChestSwiftDemo;
			productName = TreasureChestSwiftDemo;
			productReference = B2E869A424471AC80085F7ED /* TreasureChestSwiftDemo.app */;
			productType = "com.apple.product-type.application";
		};
		B2E869B924471AC90085F7ED /* TreasureChestSwiftDemoTests */ = {
			isa = PBXNativeTarget;
			buildConfigurationList = B2E869C624471AC90085F7ED /* Build configuration list for PBXNativeTarget "TreasureChestSwiftDemoTests" */;
			buildPhases = (
				30098E2514EE56CE32A80CF2 /* [CP] Check Pods Manifest.lock */,
				B2E869B624471AC90085F7ED /* Sources */,
				B2E869B724471AC90085F7ED /* Frameworks */,
				B2E869B824471AC90085F7ED /* Resources */,
			);
			buildRules = (
			);
			dependencies = (
				B2E869BC24471AC90085F7ED /* PBXTargetDependency */,
			);
			name = TreasureChestSwiftDemoTests;
			productName = TreasureChestSwiftDemoTests;
			productReference = B2E869BA24471AC90085F7ED /* TreasureChestSwiftDemoTests.xctest */;
			productType = "com.apple.product-type.bundle.unit-test";
		};
/* End PBXNativeTarget section */

/* Begin PBXProject section */
		B2E8699C24471AC80085F7ED /* Project object */ = {
			isa = PBXProject;
			attributes = {
				LastSwiftUpdateCheck = 1120;
				LastUpgradeCheck = 1120;
				ORGANIZATIONNAME = "xiao ming";
				TargetAttributes = {
					B2E869A324471AC80085F7ED = {
						CreatedOnToolsVersion = 11.2.1;
					};
					B2E869B924471AC90085F7ED = {
						CreatedOnToolsVersion = 11.2.1;
						TestTargetID = B2E869A324471AC80085F7ED;
					};
				};
			};
			buildConfigurationList = B2E8699F24471AC80085F7ED /* Build configuration list for PBXProject "TreasureChestSwiftDemo" */;
			compatibilityVersion = "Xcode 9.3";
			developmentRegion = en;
			hasScannedForEncodings = 0;
			knownRegions = (
				en,
				Base,
			);
			mainGroup = B2E8699B24471AC80085F7ED;
			productRefGroup = B2E869A524471AC80085F7ED /* Products */;
			projectDirPath = "";
			projectRoot = "";
			targets = (
				B2E869A324471AC80085F7ED /* TreasureChestSwiftDemo */,
				B2E869B924471AC90085F7ED /* TreasureChestSwiftDemoTests */,
			);
		};
/* End PBXProject section */

/* Begin PBXResourcesBuildPhase section */
		B2E869A224471AC80085F7ED /* Resources */ = {
			isa = PBXResourcesBuildPhase;
			buildActionMask = 2147483647;
			files = (
				B26F6E4224519E8A005EAC38 /* eat2.wav in Resources */,
				B26F6E4524519E8A005EAC38 /* PotatoChips1.wav in Resources */,
				B20598CC244D8E05007DA4DE /* lakemcdonald.jpg in Resources */,
				B26F6E4624519E8A005EAC38 /* PotatoChips2.wav in Resources */,
				B20598CA244D8E05007DA4DE /* silversalmoncreek.jpg in Resources */,
				B26F6E4724519E8A005EAC38 /* eat1.mp3 in Resources */,
				B2EEB994244ED71E0047A2D4 /* hikeData.json in Resources */,
				B20598D0244D8E05007DA4DE /* landmarkData.json in Resources */,
				B26F6E492451A0B4005EAC38 /* sound_eat.m4a in Resources */,
				B20598C9244D8E05007DA4DE /* turtlerock.jpg in Resources */,
				B299BE52245130CC0096360D /* donutLoader.json in Resources */,
				B26F6E6C2451AC85005EAC38 /* sound_victoryMogic.m4a in Resources */,
				B26F6E4324519E8A005EAC38 /* victoryCheers.wav in Resources */,
				B2E869B424471AC90085F7ED /* LaunchScreen.storyboard in Resources */,
				B2EEB99A244EE24A0047A2D4 /* TrainingStep.plist in Resources */,
				B20598CF244D8E05007DA4DE /* umbagog.jpg in Resources */,
				B20598D3244D8E05007DA4DE /* stmarylake.jpg in Resources */,
				B26F6E4424519E8A005EAC38 /* victoryMagic.mp3 in Resources */,
				B20598D1244D8E05007DA4DE /* chincoteague.jpg in Resources */,
				B26F6E4124519E8A005EAC38 /* carrot.wav in Resources */,
				B2E869B124471AC90085F7ED /* Preview Assets.xcassets in Resources */,
				B20598CB244D8E05007DA4DE /* icybay.jpg in Resources */,
				B20598CE244D8E05007DA4DE /* twinlake.jpg in Resources */,
				B20598CD244D8E05007DA4DE /* hiddenlake.jpg in Resources */,
				B2E869AE24471AC90085F7ED /* Assets.xcassets in Resources */,
				B26F6E4024519E8A005EAC38 /* score.wav in Resources */,
				B20598D5244D8E05007DA4DE /* rainbowlake.jpg in Resources */,
				B26F6E6E2451AD5C005EAC38 /* sound_victoryCheers.m4a in Resources */,
				B20598D4244D8E05007DA4DE /* chilkoottrail.jpg in Resources */,
				B26F6E2624516D25005EAC38 /* thumbsUp.json in Resources */,
				B20598D2244D8E05007DA4DE /* charleyrivers.jpg in Resources */,
			);
			runOnlyForDeploymentPostprocessing = 0;
		};
		B2E869B824471AC90085F7ED /* Resources */ = {
			isa = PBXResourcesBuildPhase;
			buildActionMask = 2147483647;
			files = (
			);
			runOnlyForDeploymentPostprocessing = 0;
		};
/* End PBXResourcesBuildPhase section */

/* Begin PBXShellScriptBuildPhase section */
		290945A49D037CF33A23E900 /* [CP] Check Pods Manifest.lock */ = {
			isa = PBXShellScriptBuildPhase;
			buildActionMask = 2147483647;
			files = (
			);
			inputFileListPaths = (
			);
			inputPaths = (
				"${PODS_PODFILE_DIR_PATH}/Podfile.lock",
				"${PODS_ROOT}/Manifest.lock",
			);
			name = "[CP] Check Pods Manifest.lock";
			outputFileListPaths = (
			);
			outputPaths = (
				"$(DERIVED_FILE_DIR)/Pods-abstract_pod-TreasureChestSwiftDemo-checkManifestLockResult.txt",
			);
			runOnlyForDeploymentPostprocessing = 0;
			shellPath = /bin/sh;
			shellScript = "diff \"${PODS_PODFILE_DIR_PATH}/Podfile.lock\" \"${PODS_ROOT}/Manifest.lock\" > /dev/null\nif [ $? != 0 ] ; then\n    # print error to STDERR\n    echo \"error: The sandbox is not in sync with the Podfile.lock. Run 'pod install' or update your CocoaPods installation.\" >&2\n    exit 1\nfi\n# This output is used by Xcode 'outputs' to avoid re-running this script phase.\necho \"SUCCESS\" > \"${SCRIPT_OUTPUT_FILE_0}\"\n";
			showEnvVarsInLog = 0;
		};
		30098E2514EE56CE32A80CF2 /* [CP] Check Pods Manifest.lock */ = {
			isa = PBXShellScriptBuildPhase;
			buildActionMask = 2147483647;
			files = (
			);
			inputFileListPaths = (
			);
			inputPaths = (
				"${PODS_PODFILE_DIR_PATH}/Podfile.lock",
				"${PODS_ROOT}/Manifest.lock",
			);
			name = "[CP] Check Pods Manifest.lock";
			outputFileListPaths = (
			);
			outputPaths = (
				"$(DERIVED_FILE_DIR)/Pods-TreasureChestSwiftDemoTests-checkManifestLockResult.txt",
			);
			runOnlyForDeploymentPostprocessing = 0;
			shellPath = /bin/sh;
			shellScript = "diff \"${PODS_PODFILE_DIR_PATH}/Podfile.lock\" \"${PODS_ROOT}/Manifest.lock\" > /dev/null\nif [ $? != 0 ] ; then\n    # print error to STDERR\n    echo \"error: The sandbox is not in sync with the Podfile.lock. Run 'pod install' or update your CocoaPods installation.\" >&2\n    exit 1\nfi\n# This output is used by Xcode 'outputs' to avoid re-running this script phase.\necho \"SUCCESS\" > \"${SCRIPT_OUTPUT_FILE_0}\"\n";
			showEnvVarsInLog = 0;
		};
		F0BBA36578A6AAAC070F0848 /* [CP] Embed Pods Frameworks */ = {
			isa = PBXShellScriptBuildPhase;
			buildActionMask = 2147483647;
			files = (
			);
			inputFileListPaths = (
				"${PODS_ROOT}/Target Support Files/Pods-abstract_pod-TreasureChestSwiftDemo/Pods-abstract_pod-TreasureChestSwiftDemo-frameworks-${CONFIGURATION}-input-files.xcfilelist",
			);
			name = "[CP] Embed Pods Frameworks";
			outputFileListPaths = (
				"${PODS_ROOT}/Target Support Files/Pods-abstract_pod-TreasureChestSwiftDemo/Pods-abstract_pod-TreasureChestSwiftDemo-frameworks-${CONFIGURATION}-output-files.xcfilelist",
			);
			runOnlyForDeploymentPostprocessing = 0;
			shellPath = /bin/sh;
			shellScript = "\"${PODS_ROOT}/Target Support Files/Pods-abstract_pod-TreasureChestSwiftDemo/Pods-abstract_pod-TreasureChestSwiftDemo-frameworks.sh\"\n";
			showEnvVarsInLog = 0;
		};
/* End PBXShellScriptBuildPhase section */

/* Begin PBXSourcesBuildPhase section */
		B2E869A024471AC80085F7ED /* Sources */ = {
			isa = PBXSourcesBuildPhase;
			buildActionMask = 2147483647;
			files = (
				B2E869A824471AC80085F7ED /* AppDelegate.swift in Sources */,
				3A448A1F244F423200ED5BF8 /* ClockTimerConver.swift in Sources */,
				3A448A12244F423200ED5BF8 /* UIColor+Extension.swift in Sources */,
				3A448A23244F423200ED5BF8 /* UIImageViewIBInspectable.swift in Sources */,
				B26F6E672451A400005EAC38 /* Step107DetailView.swift in Sources */,
				B2EEB98D244EC6770047A2D4 /* Badge.swift in Sources */,
				B20598A7244D7538007DA4DE /* StepGroup100Controller.swift in Sources */,
				B20598AF244D7538007DA4DE /* BaseNaviController.swift in Sources */,
				B2E869AA24471AC80085F7ED /* SceneDelegate.swift in Sources */,
				B26F6E692451A400005EAC38 /* Step108DetailView.swift in Sources */,
				B2402ECB244D48E80043911A /* MapView.swift in Sources */,
				3A448A17244F423200ED5BF8 /* Double+Extension.swift in Sources */,
				3A448A11244F423200ED5BF8 /* DateCovertHelper.swift in Sources */,
				B248E3512447F42D004F00B6 /* CircleImageView.swift in Sources */,
				3A448A29244F423200ED5BF8 /* PlistMemoryTipsModel.swift in Sources */,
				B2EEB99E244F03D70047A2D4 /* String+Size.swift in Sources */,
				B21D279D245055FF0000C8ED /* UIViewRender.swift in Sources */,
				B20598A6244D7538007DA4DE /* StepGroup100DetailController.swift in Sources */,
				3A448A19244F423200ED5BF8 /* UIView+Extension.swift in Sources */,
				B2EEB98B244EA58A0047A2D4 /* HexagonParameters.swift in Sources */,
				3A448A20244F423200ED5BF8 /* TrainingStepUserDefaults.swift in Sources */,
				B26F6E662451A400005EAC38 /* Step104DetailView.swift in Sources */,
				3A448A13244F423200ED5BF8 /* SoundPlayer.swift in Sources */,
				3A448A1C244F423200ED5BF8 /* String+Extension.swift in Sources */,
				B20598AE244D7538007DA4DE /* BaseViewController.swift in Sources */,
				3A448A16244F423200ED5BF8 /* UIImage+Extension.swift in Sources */,
				B20598A9244D7538007DA4DE /* TrainingStepEnum.swift in Sources */,
				B20598A8244D7538007DA4DE /* TrainingStepController.swift in Sources */,
				3A448A28244F423200ED5BF8 /* PlistMemoryCodeModel.swift in Sources */,
				3A448A27244F423200ED5BF8 /* PlistTrainingStepModel.swift in Sources */,
				B20598BA244D8DD1007DA4DE /* Landmark.swift in Sources */,
				B2E869AC24471AC80085F7ED /* LandmarkDetail.swift in Sources */,
				B2EEB991244EC9720047A2D4 /* RotatedBadgeSymbol.swift in Sources */,
				B20598D7244D947B007DA4DE /* LandmarkRow.swift in Sources */,
				B26F6E6A2451A400005EAC38 /* Step109DetailView.swift in Sources */,
				B20598A3244D7538007DA4DE /* Step100DetailView.swift in Sources */,
				B20598B9244D8DD1007DA4DE /* Data.swift in Sources */,
				B26F6E642451A400005EAC38 /* Step103DetailView.swift in Sources */,
				3A448A24244F423200ED5BF8 /* QiKeychainItem.m in Sources */,
				B26F6E682451A400005EAC38 /* Step105DetailView.swift in Sources */,
				B26F6E652451A400005EAC38 /* Step106DetailView.swift in Sources */,
				B20598D9244DA05A007DA4DE /* LandmarkList.swift in Sources */,
				3A448A26244F423200ED5BF8 /* RotationViewVertices.swift in Sources */,
				B20598A4244D7538007DA4DE /* Step101DetailView.swift in Sources */,
				B2EEB996244EDD550047A2D4 /* MemoryKingView.swift in Sources */,
				3A448A2A244F423200ED5BF8 /* UIView+Dashed.swift in Sources */,
				B2EEB988244EA46E0047A2D4 /* BadgeBackground.swift in Sources */,
				3A448A1B244F423200ED5BF8 /* GlobalReleaseConfig.swift in Sources */,
				B20598DB244DB5C8007DA4DE /* UserData.swift in Sources */,
				3A448A21244F423200ED5BF8 /* TrainingConfigUserDefaults.swift in Sources */,
				3A448A18244F423200ED5BF8 /* GetController+Extension.swift in Sources */,
				B20598A5244D7538007DA4DE /* StepBaseView.swift in Sources */,
				B2EEB998244EE0840047A2D4 /* JumpToMemoryKing.swift in Sources */,
				B2EEB98F244EC6A30047A2D4 /* BadgeSymbol.swift in Sources */,
				3A448A1D244F423200ED5BF8 /* GlobalConfig.swift in Sources */,
				B20598AA244D7538007DA4DE /* TrainingStepCell.swift in Sources */,
				B27E86832450265700AFB2E2 /* Step102DetailView.swift in Sources */,
				B20598B4244D76A1007DA4DE /* ProgressHUD.swift in Sources */,
				3A448A1E244F423200ED5BF8 /* CheckAuthorization.swift in Sources */,
				3A448A15244F423200ED5BF8 /* VectorOperation.swift in Sources */,
				3A448A22244F423200ED5BF8 /* GlobalUserDefaults.swift in Sources */,
			);
			runOnlyForDeploymentPostprocessing = 0;
		};
		B2E869B624471AC90085F7ED /* Sources */ = {
			isa = PBXSourcesBuildPhase;
			buildActionMask = 2147483647;
			files = (
				B2E869BF24471AC90085F7ED /* TreasureChestSwiftDemoTests.swift in Sources */,
			);
			runOnlyForDeploymentPostprocessing = 0;
		};
/* End PBXSourcesBuildPhase section */

/* Begin PBXTargetDependency section */
		B2E869BC24471AC90085F7ED /* PBXTargetDependency */ = {
			isa = PBXTargetDependency;
			target = B2E869A324471AC80085F7ED /* TreasureChestSwiftDemo */;
			targetProxy = B2E869BB24471AC90085F7ED /* PBXContainerItemProxy */;
		};
/* End PBXTargetDependency section */

/* Begin PBXVariantGroup section */
		B2E869B224471AC90085F7ED /* LaunchScreen.storyboard */ = {
			isa = PBXVariantGroup;
			children = (
				B2E869B324471AC90085F7ED /* Base */,
			);
			name = LaunchScreen.storyboard;
			sourceTree = "<group>";
		};
/* End PBXVariantGroup section */

/* Begin XCBuildConfiguration section */
		B2E869C124471AC90085F7ED /* Debug */ = {
			isa = XCBuildConfiguration;
			buildSettings = {
				ALWAYS_SEARCH_USER_PATHS = NO;
				CLANG_ANALYZER_NONNULL = YES;
				CLANG_ANALYZER_NUMBER_OBJECT_CONVERSION = YES_AGGRESSIVE;
				CLANG_CXX_LANGUAGE_STANDARD = "gnu++14";
				CLANG_CXX_LIBRARY = "libc++";
				CLANG_ENABLE_MODULES = YES;
				CLANG_ENABLE_OBJC_ARC = YES;
				CLANG_ENABLE_OBJC_WEAK = YES;
				CLANG_WARN_BLOCK_CAPTURE_AUTORELEASING = YES;
				CLANG_WARN_BOOL_CONVERSION = YES;
				CLANG_WARN_COMMA = YES;
				CLANG_WARN_CONSTANT_CONVERSION = YES;
				CLANG_WARN_DEPRECATED_OBJC_IMPLEMENTATIONS = YES;
				CLANG_WARN_DIRECT_OBJC_ISA_USAGE = YES_ERROR;
				CLANG_WARN_DOCUMENTATION_COMMENTS = YES;
				CLANG_WARN_EMPTY_BODY = YES;
				CLANG_WARN_ENUM_CONVERSION = YES;
				CLANG_WARN_INFINITE_RECURSION = YES;
				CLANG_WARN_INT_CONVERSION = YES;
				CLANG_WARN_NON_LITERAL_NULL_CONVERSION = YES;
				CLANG_WARN_OBJC_IMPLICIT_RETAIN_SELF = YES;
				CLANG_WARN_OBJC_LITERAL_CONVERSION = YES;
				CLANG_WARN_OBJC_ROOT_CLASS = YES_ERROR;
				CLANG_WARN_RANGE_LOOP_ANALYSIS = YES;
				CLANG_WARN_STRICT_PROTOTYPES = YES;
				CLANG_WARN_SUSPICIOUS_MOVE = YES;
				CLANG_WARN_UNGUARDED_AVAILABILITY = YES_AGGRESSIVE;
				CLANG_WARN_UNREACHABLE_CODE = YES;
				CLANG_WARN__DUPLICATE_METHOD_MATCH = YES;
				COPY_PHASE_STRIP = NO;
				DEBUG_INFORMATION_FORMAT = dwarf;
				ENABLE_STRICT_OBJC_MSGSEND = YES;
				ENABLE_TESTABILITY = YES;
				GCC_C_LANGUAGE_STANDARD = gnu11;
				GCC_DYNAMIC_NO_PIC = NO;
				GCC_NO_COMMON_BLOCKS = YES;
				GCC_OPTIMIZATION_LEVEL = 0;
				GCC_PREPROCESSOR_DEFINITIONS = (
					"DEBUG=1",
					"$(inherited)",
				);
				GCC_WARN_64_TO_32_BIT_CONVERSION = YES;
				GCC_WARN_ABOUT_RETURN_TYPE = YES_ERROR;
				GCC_WARN_UNDECLARED_SELECTOR = YES;
				GCC_WARN_UNINITIALIZED_AUTOS = YES_AGGRESSIVE;
				GCC_WARN_UNUSED_FUNCTION = YES;
				GCC_WARN_UNUSED_VARIABLE = YES;
				IPHONEOS_DEPLOYMENT_TARGET = 13.2;
				MTL_ENABLE_DEBUG_INFO = INCLUDE_SOURCE;
				MTL_FAST_MATH = YES;
				ONLY_ACTIVE_ARCH = YES;
				SDKROOT = iphoneos;
				SWIFT_ACTIVE_COMPILATION_CONDITIONS = DEBUG;
				SWIFT_OPTIMIZATION_LEVEL = "-Onone";
			};
			name = Debug;
		};
		B2E869C224471AC90085F7ED /* Release */ = {
			isa = XCBuildConfiguration;
			buildSettings = {
				ALWAYS_SEARCH_USER_PATHS = NO;
				CLANG_ANALYZER_NONNULL = YES;
				CLANG_ANALYZER_NUMBER_OBJECT_CONVERSION = YES_AGGRESSIVE;
				CLANG_CXX_LANGUAGE_STANDARD = "gnu++14";
				CLANG_CXX_LIBRARY = "libc++";
				CLANG_ENABLE_MODULES = YES;
				CLANG_ENABLE_OBJC_ARC = YES;
				CLANG_ENABLE_OBJC_WEAK = YES;
				CLANG_WARN_BLOCK_CAPTURE_AUTORELEASING = YES;
				CLANG_WARN_BOOL_CONVERSION = YES;
				CLANG_WARN_COMMA = YES;
				CLANG_WARN_CONSTANT_CONVERSION = YES;
				CLANG_WARN_DEPRECATED_OBJC_IMPLEMENTATIONS = YES;
				CLANG_WARN_DIRECT_OBJC_ISA_USAGE = YES_ERROR;
				CLANG_WARN_DOCUMENTATION_COMMENTS = YES;
				CLANG_WARN_EMPTY_BODY = YES;
				CLANG_WARN_ENUM_CONVERSION = YES;
				CLANG_WARN_INFINITE_RECURSION = YES;
				CLANG_WARN_INT_CONVERSION = YES;
				CLANG_WARN_NON_LITERAL_NULL_CONVERSION = YES;
				CLANG_WARN_OBJC_IMPLICIT_RETAIN_SELF = YES;
				CLANG_WARN_OBJC_LITERAL_CONVERSION = YES;
				CLANG_WARN_OBJC_ROOT_CLASS = YES_ERROR;
				CLANG_WARN_RANGE_LOOP_ANALYSIS = YES;
				CLANG_WARN_STRICT_PROTOTYPES = YES;
				CLANG_WARN_SUSPICIOUS_MOVE = YES;
				CLANG_WARN_UNGUARDED_AVAILABILITY = YES_AGGRESSIVE;
				CLANG_WARN_UNREACHABLE_CODE = YES;
				CLANG_WARN__DUPLICATE_METHOD_MATCH = YES;
				COPY_PHASE_STRIP = NO;
				DEBUG_INFORMATION_FORMAT = "dwarf-with-dsym";
				ENABLE_NS_ASSERTIONS = NO;
				ENABLE_STRICT_OBJC_MSGSEND = YES;
				GCC_C_LANGUAGE_STANDARD = gnu11;
				GCC_NO_COMMON_BLOCKS = YES;
				GCC_WARN_64_TO_32_BIT_CONVERSION = YES;
				GCC_WARN_ABOUT_RETURN_TYPE = YES_ERROR;
				GCC_WARN_UNDECLARED_SELECTOR = YES;
				GCC_WARN_UNINITIALIZED_AUTOS = YES_AGGRESSIVE;
				GCC_WARN_UNUSED_FUNCTION = YES;
				GCC_WARN_UNUSED_VARIABLE = YES;
				IPHONEOS_DEPLOYMENT_TARGET = 13.2;
				MTL_ENABLE_DEBUG_INFO = NO;
				MTL_FAST_MATH = YES;
				SDKROOT = iphoneos;
				SWIFT_COMPILATION_MODE = wholemodule;
				SWIFT_OPTIMIZATION_LEVEL = "-O";
				VALIDATE_PRODUCT = YES;
			};
			name = Release;
		};
		B2E869C424471AC90085F7ED /* Debug */ = {
			isa = XCBuildConfiguration;
			baseConfigurationReference = 5FCF2983A674A17D182675D8 /* Pods-abstract_pod-TreasureChestSwiftDemo.debug.xcconfig */;
			buildSettings = {
				ASSETCATALOG_COMPILER_APPICON_NAME = AppIcon;
				CODE_SIGN_STYLE = Automatic;
				DEVELOPMENT_ASSET_PATHS = "\"TreasureChestSwiftDemo/Preview Content\"";
				DEVELOPMENT_TEAM = BVSQGBFKQ5;
				ENABLE_PREVIEWS = YES;
				INFOPLIST_FILE = TreasureChestSwiftDemo/Info.plist;
				IPHONEOS_DEPLOYMENT_TARGET = 13.0;
				LD_RUNPATH_SEARCH_PATHS = (
					"$(inherited)",
					"@executable_path/Frameworks",
				);
				PRODUCT_BUNDLE_IDENTIFIER = com.ming.TreasureChestSwift;
				PRODUCT_NAME = "$(TARGET_NAME)";
				SWIFT_VERSION = 5.0;
				TARGETED_DEVICE_FAMILY = "1,2";
			};
			name = Debug;
		};
		B2E869C524471AC90085F7ED /* Release */ = {
			isa = XCBuildConfiguration;
			baseConfigurationReference = E612488E9685FC592B64072D /* Pods-abstract_pod-TreasureChestSwiftDemo.release.xcconfig */;
			buildSettings = {
				ASSETCATALOG_COMPILER_APPICON_NAME = AppIcon;
				CODE_SIGN_STYLE = Automatic;
				DEVELOPMENT_ASSET_PATHS = "\"TreasureChestSwiftDemo/Preview Content\"";
				DEVELOPMENT_TEAM = BVSQGBFKQ5;
				ENABLE_PREVIEWS = YES;
				INFOPLIST_FILE = TreasureChestSwiftDemo/Info.plist;
				IPHONEOS_DEPLOYMENT_TARGET = 13.0;
				LD_RUNPATH_SEARCH_PATHS = (
					"$(inherited)",
					"@executable_path/Frameworks",
				);
				PRODUCT_BUNDLE_IDENTIFIER = com.ming.TreasureChestSwift;
				PRODUCT_NAME = "$(TARGET_NAME)";
				SWIFT_VERSION = 5.0;
				TARGETED_DEVICE_FAMILY = "1,2";
			};
			name = Release;
		};
		B2E869C724471AC90085F7ED /* Debug */ = {
			isa = XCBuildConfiguration;
			baseConfigurationReference = A255D5F0C5F41D50DC28355F /* Pods-TreasureChestSwiftDemoTests.debug.xcconfig */;
			buildSettings = {
				ALWAYS_EMBED_SWIFT_STANDARD_LIBRARIES = YES;
				BUNDLE_LOADER = "$(TEST_HOST)";
				CODE_SIGN_STYLE = Automatic;
				INFOPLIST_FILE = TreasureChestSwiftDemoTests/Info.plist;
				IPHONEOS_DEPLOYMENT_TARGET = 13.2;
				LD_RUNPATH_SEARCH_PATHS = (
					"$(inherited)",
					"@executable_path/Frameworks",
					"@loader_path/Frameworks",
				);
				PRODUCT_BUNDLE_IDENTIFIER = "-----.TreasureChestSwiftDemoTests";
				PRODUCT_NAME = "$(TARGET_NAME)";
				SWIFT_VERSION = 5.0;
				TARGETED_DEVICE_FAMILY = "1,2";
				TEST_HOST = "$(BUILT_PRODUCTS_DIR)/TreasureChestSwiftDemo.app/TreasureChestSwiftDemo";
			};
			name = Debug;
		};
		B2E869C824471AC90085F7ED /* Release */ = {
			isa = XCBuildConfiguration;
			baseConfigurationReference = 22DAA52EB3A6DDAB810D5621 /* Pods-TreasureChestSwiftDemoTests.release.xcconfig */;
			buildSettings = {
				ALWAYS_EMBED_SWIFT_STANDARD_LIBRARIES = YES;
				BUNDLE_LOADER = "$(TEST_HOST)";
				CODE_SIGN_STYLE = Automatic;
				INFOPLIST_FILE = TreasureChestSwiftDemoTests/Info.plist;
				IPHONEOS_DEPLOYMENT_TARGET = 13.2;
				LD_RUNPATH_SEARCH_PATHS = (
					"$(inherited)",
					"@executable_path/Frameworks",
					"@loader_path/Frameworks",
				);
				PRODUCT_BUNDLE_IDENTIFIER = "-----.TreasureChestSwiftDemoTests";
				PRODUCT_NAME = "$(TARGET_NAME)";
				SWIFT_VERSION = 5.0;
				TARGETED_DEVICE_FAMILY = "1,2";
				TEST_HOST = "$(BUILT_PRODUCTS_DIR)/TreasureChestSwiftDemo.app/TreasureChestSwiftDemo";
			};
			name = Release;
		};
/* End XCBuildConfiguration section */

/* Begin XCConfigurationList section */
		B2E8699F24471AC80085F7ED /* Build configuration list for PBXProject "TreasureChestSwiftDemo" */ = {
			isa = XCConfigurationList;
			buildConfigurations = (
				B2E869C124471AC90085F7ED /* Debug */,
				B2E869C224471AC90085F7ED /* Release */,
			);
			defaultConfigurationIsVisible = 0;
			defaultConfigurationName = Release;
		};
		B2E869C324471AC90085F7ED /* Build configuration list for PBXNativeTarget "TreasureChestSwiftDemo" */ = {
			isa = XCConfigurationList;
			buildConfigurations = (
				B2E869C424471AC90085F7ED /* Debug */,
				B2E869C524471AC90085F7ED /* Release */,
			);
			defaultConfigurationIsVisible = 0;
			defaultConfigurationName = Release;
		};
		B2E869C624471AC90085F7ED /* Build configuration list for PBXNativeTarget "TreasureChestSwiftDemoTests" */ = {
			isa = XCConfigurationList;
			buildConfigurations = (
				B2E869C724471AC90085F7ED /* Debug */,
				B2E869C824471AC90085F7ED /* Release */,
			);
			defaultConfigurationIsVisible = 0;
			defaultConfigurationName = Release;
		};
/* End XCConfigurationList section */
	};
	rootObject = B2E8699C24471AC80085F7ED /* Project object */;
}
